// !$*UTF8*$!
{
	archiveVersion = 1;
	classes = {
	};
	objectVersion = 50;
	objects = {

/* Begin PBXBuildFile section */
		B0E5EB9925DE733100BA8BB4 /* libGLEW.2.2.0.dylib in Frameworks */ = {isa = PBXBuildFile; fileRef = B0E5EB9825DE733100BA8BB4 /* libGLEW.2.2.0.dylib */; };
		B0E5EB9B25DE733D00BA8BB4 /* libglfw.3.3.dylib in Frameworks */ = {isa = PBXBuildFile; fileRef = B0E5EB9A25DE733D00BA8BB4 /* libglfw.3.3.dylib */; };
		B0E5EB9D25DE734700BA8BB4 /* OpenGL.framework in Frameworks */ = {isa = PBXBuildFile; fileRef = B0E5EB9C25DE734700BA8BB4 /* OpenGL.framework */; };
		B0E5EBA425DE8F8400BA8BB4 /* lib in Frameworks */ = {isa = PBXBuildFile; fileRef = B0E5EBA325DE8F8400BA8BB4 /* lib */; };
		B0E5EBA825DE901800BA8BB4 /* CGLab05_Poom_Yimyuean_62050210.cpp in Sources */ = {isa = PBXBuildFile; fileRef = B0E5EBA725DE901800BA8BB4 /* CGLab05_Poom_Yimyuean_62050210.cpp */; };
/* End PBXBuildFile section */

/* Begin PBXCopyFilesBuildPhase section */
		B0E5EB8A25DE72C500BA8BB4 /* CopyFiles */ = {
			isa = PBXCopyFilesBuildPhase;
			buildActionMask = 2147483647;
			dstPath = /usr/share/man/man1/;
			dstSubfolderSpec = 0;
			files = (
			);
			runOnlyForDeploymentPostprocessing = 1;
		};
/* End PBXCopyFilesBuildPhase section */

/* Begin PBXFileReference section */
		B0E5EB8C25DE72C500BA8BB4 /* ComputerGraphic */ = {isa = PBXFileReference; explicitFileType = "compiled.mach-o.executable"; includeInIndex = 0; path = ComputerGraphic; sourceTree = BUILT_PRODUCTS_DIR; };
		B0E5EB9825DE733100BA8BB4 /* libGLEW.2.2.0.dylib */ = {isa = PBXFileReference; lastKnownFileType = "compiled.mach-o.dylib"; name = libGLEW.2.2.0.dylib; path = ../../../../../../../../opt/homebrew/Cellar/glew/2.2.0_1/lib/libGLEW.2.2.0.dylib; sourceTree = "<group>"; };
		B0E5EB9A25DE733D00BA8BB4 /* libglfw.3.3.dylib */ = {isa = PBXFileReference; lastKnownFileType = "compiled.mach-o.dylib"; name = libglfw.3.3.dylib; path = ../../../../../../../../opt/homebrew/Cellar/glfw/3.3.2/lib/libglfw.3.3.dylib; sourceTree = "<group>"; };
		B0E5EB9C25DE734700BA8BB4 /* OpenGL.framework */ = {isa = PBXFileReference; lastKnownFileType = wrapper.framework; name = OpenGL.framework; path = System/Library/Frameworks/OpenGL.framework; sourceTree = SDKROOT; };
		B0E5EB9F25DE73D500BA8BB4 /* CGLab04_Poom_Yimyuean_62050210.cpp */ = {isa = PBXFileReference; lastKnownFileType = sourcecode.cpp.cpp; path = CGLab04_Poom_Yimyuean_62050210.cpp; sourceTree = "<group>"; };
		B0E5EBA325DE8F8400BA8BB4 /* lib */ = {isa = PBXFileReference; lastKnownFileType = folder; name = lib; path = ../../../../../../../../opt/homebrew/Cellar/glm/0.9.9.8/lib; sourceTree = "<group>"; };
		B0E5EBA725DE901800BA8BB4 /* CGLab05_Poom_Yimyuean_62050210.cpp */ = {isa = PBXFileReference; lastKnownFileType = sourcecode.cpp.cpp; path = CGLab05_Poom_Yimyuean_62050210.cpp; sourceTree = "<group>"; };
/* End PBXFileReference section */

/* Begin PBXFrameworksBuildPhase section */
		B0E5EB8925DE72C500BA8BB4 /* Frameworks */ = {
			isa = PBXFrameworksBuildPhase;
			buildActionMask = 2147483647;
			files = (
				B0E5EB9D25DE734700BA8BB4 /* OpenGL.framework in Frameworks */,
				B0E5EBA425DE8F8400BA8BB4 /* lib in Frameworks */,
				B0E5EB9925DE733100BA8BB4 /* libGLEW.2.2.0.dylib in Frameworks */,
				B0E5EB9B25DE733D00BA8BB4 /* libglfw.3.3.dylib in Frameworks */,
			);
			runOnlyForDeploymentPostprocessing = 0;
		};
/* End PBXFrameworksBuildPhase section */

/* Begin PBXGroup section */
		B0E5EB8325DE72C500BA8BB4 = {
			isa = PBXGroup;
			children = (
				B0E5EB8E25DE72C500BA8BB4 /* ComputerGraphic */,
				B0E5EB8D25DE72C500BA8BB4 /* Products */,
				B0E5EB9725DE733100BA8BB4 /* Frameworks */,
			);
			sourceTree = "<group>";
		};
		B0E5EB8D25DE72C500BA8BB4 /* Products */ = {
			isa = PBXGroup;
			children = (
				B0E5EB8C25DE72C500BA8BB4 /* ComputerGraphic */,
			);
			name = Products;
			sourceTree = "<group>";
		};
		B0E5EB8E25DE72C500BA8BB4 /* ComputerGraphic */ = {
			isa = PBXGroup;
			children = (
				B0E5EB9F25DE73D500BA8BB4 /* CGLab04_Poom_Yimyuean_62050210.cpp */,
				B0E5EBA725DE901800BA8BB4 /* CGLab05_Poom_Yimyuean_62050210.cpp */,
			);
			path = ComputerGraphic;
			sourceTree = "<group>";
		};
		B0E5EB9725DE733100BA8BB4 /* Frameworks */ = {
			isa = PBXGroup;
			children = (
				B0E5EBA325DE8F8400BA8BB4 /* lib */,
				B0E5EB9C25DE734700BA8BB4 /* OpenGL.framework */,
				B0E5EB9A25DE733D00BA8BB4 /* libglfw.3.3.dylib */,
				B0E5EB9825DE733100BA8BB4 /* libGLEW.2.2.0.dylib */,
			);
			name = Frameworks;
			sourceTree = "<group>";
		};
/* End PBXGroup section */

/* Begin PBXNativeTarget section */
		B0E5EB8B25DE72C500BA8BB4 /* ComputerGraphic */ = {
			isa = PBXNativeTarget;
			buildConfigurationList = B0E5EB9325DE72C500BA8BB4 /* Build configuration list for PBXNativeTarget "ComputerGraphic" */;
			buildPhases = (
				B0E5EB8825DE72C500BA8BB4 /* Sources */,
				B0E5EB8925DE72C500BA8BB4 /* Frameworks */,
				B0E5EB8A25DE72C500BA8BB4 /* CopyFiles */,
			);
			buildRules = (
			);
			dependencies = (
			);
			name = ComputerGraphic;
			productName = ComputerGraphic;
			productReference = B0E5EB8C25DE72C500BA8BB4 /* ComputerGraphic */;
			productType = "com.apple.product-type.tool";
		};
/* End PBXNativeTarget section */

/* Begin PBXProject section */
		B0E5EB8425DE72C500BA8BB4 /* Project object */ = {
			isa = PBXProject;
			attributes = {
				LastUpgradeCheck = 1240;
				TargetAttributes = {
					B0E5EB8B25DE72C500BA8BB4 = {
						CreatedOnToolsVersion = 12.4;
					};
				};
			};
			buildConfigurationList = B0E5EB8725DE72C500BA8BB4 /* Build configuration list for PBXProject "ComputerGraphic" */;
			compatibilityVersion = "Xcode 9.3";
			developmentRegion = en;
			hasScannedForEncodings = 0;
			knownRegions = (
				en,
				Base,
			);
			mainGroup = B0E5EB8325DE72C500BA8BB4;
			productRefGroup = B0E5EB8D25DE72C500BA8BB4 /* Products */;
			projectDirPath = "";
			projectRoot = "";
			targets = (
				B0E5EB8B25DE72C500BA8BB4 /* ComputerGraphic */,
			);
		};
/* End PBXProject section */

/* Begin PBXSourcesBuildPhase section */
		B0E5EB8825DE72C500BA8BB4 /* Sources */ = {
			isa = PBXSourcesBuildPhase;
			buildActionMask = 2147483647;
			files = (
				B0E5EBA825DE901800BA8BB4 /* CGLab05_Poom_Yimyuean_62050210.cpp in Sources */,
			);
			runOnlyForDeploymentPostprocessing = 0;
		};
/* End PBXSourcesBuildPhase section */

/* Begin XCBuildConfiguration section */
		B0E5EB9125DE72C500BA8BB4 /* Debug */ = {
			isa = XCBuildConfiguration;
			buildSettings = {
				ALWAYS_SEARCH_USER_PATHS = NO;
				CLANG_ANALYZER_NONNULL = YES;
				CLANG_ANALYZER_NUMBER_OBJECT_CONVERSION = YES_AGGRESSIVE;
				CLANG_CXX_LANGUAGE_STANDARD = "gnu++14";
				CLANG_CXX_LIBRARY = "libc++";
				CLANG_ENABLE_MODULES = YES;
				CLANG_ENABLE_OBJC_ARC = YES;
				CLANG_ENABLE_OBJC_WEAK = YES;
				CLANG_WARN_BLOCK_CAPTURE_AUTORELEASING = YES;
				CLANG_WARN_BOOL_CONVERSION = YES;
				CLANG_WARN_COMMA = YES;
				CLANG_WARN_CONSTANT_CONVERSION = YES;
				CLANG_WARN_DEPRECATED_OBJC_IMPLEMENTATIONS = YES;
				CLANG_WARN_DIRECT_OBJC_ISA_USAGE = YES_ERROR;
				CLANG_WARN_DOCUMENTATION_COMMENTS = YES;
				CLANG_WARN_EMPTY_BODY = YES;
				CLANG_WARN_ENUM_CONVERSION = YES;
				CLANG_WARN_INFINITE_RECURSION = YES;
				CLANG_WARN_INT_CONVERSION = YES;
				CLANG_WARN_NON_LITERAL_NULL_CONVERSION = YES;
				CLANG_WARN_OBJC_IMPLICIT_RETAIN_SELF = YES;
				CLANG_WARN_OBJC_LITERAL_CONVERSION = YES;
				CLANG_WARN_OBJC_ROOT_CLASS = YES_ERROR;
				CLANG_WARN_QUOTED_INCLUDE_IN_FRAMEWORK_HEADER = YES;
				CLANG_WARN_RANGE_LOOP_ANALYSIS = YES;
				CLANG_WARN_STRICT_PROTOTYPES = YES;
				CLANG_WARN_SUSPICIOUS_MOVE = YES;
				CLANG_WARN_UNGUARDED_AVAILABILITY = YES_AGGRESSIVE;
				CLANG_WARN_UNREACHABLE_CODE = YES;
				CLANG_WARN__DUPLICATE_METHOD_MATCH = YES;
				COPY_PHASE_STRIP = NO;
				DEBUG_INFORMATION_FORMAT = dwarf;
				ENABLE_STRICT_OBJC_MSGSEND = YES;
				ENABLE_TESTABILITY = YES;
				GCC_C_LANGUAGE_STANDARD = gnu11;
				GCC_DYNAMIC_NO_PIC = NO;
				GCC_NO_COMMON_BLOCKS = YES;
				GCC_OPTIMIZATION_LEVEL = 0;
				GCC_PREPROCESSOR_DEFINITIONS = (
					"DEBUG=1",
					"$(inherited)",
				);
				GCC_WARN_64_TO_32_BIT_CONVERSION = YES;
				GCC_WARN_ABOUT_RETURN_TYPE = YES_ERROR;
				GCC_WARN_UNDECLARED_SELECTOR = YES;
				GCC_WARN_UNINITIALIZED_AUTOS = YES_AGGRESSIVE;
				GCC_WARN_UNUSED_FUNCTION = YES;
				GCC_WARN_UNUSED_VARIABLE = YES;
				MACOSX_DEPLOYMENT_TARGET = 11.1;
				MTL_ENABLE_DEBUG_INFO = INCLUDE_SOURCE;
				MTL_FAST_MATH = YES;
				ONLY_ACTIVE_ARCH = YES;
				SDKROOT = macosx;
			};
			name = Debug;
		};
		B0E5EB9225DE72C500BA8BB4 /* Release */ = {
			isa = XCBuildConfiguration;
			buildSettings = {
				ALWAYS_SEARCH_USER_PATHS = NO;
				CLANG_ANALYZER_NONNULL = YES;
				CLANG_ANALYZER_NUMBER_OBJECT_CONVERSION = YES_AGGRESSIVE;
				CLANG_CXX_LANGUAGE_STANDARD = "gnu++14";
				CLANG_CXX_LIBRARY = "libc++";
				CLANG_ENABLE_MODULES = YES;
				CLANG_ENABLE_OBJC_ARC = YES;
				CLANG_ENABLE_OBJC_WEAK = YES;
				CLANG_WARN_BLOCK_CAPTURE_AUTORELEASING = YES;
				CLANG_WARN_BOOL_CONVERSION = YES;
				CLANG_WARN_COMMA = YES;
				CLANG_WARN_CONSTANT_CONVERSION = YES;
				CLANG_WARN_DEPRECATED_OBJC_IMPLEMENTATIONS = YES;
				CLANG_WARN_DIRECT_OBJC_ISA_USAGE = YES_ERROR;
				CLANG_WARN_DOCUMENTATION_COMMENTS = YES;
				CLANG_WARN_EMPTY_BODY = YES;
				CLANG_WARN_ENUM_CONVERSION = YES;
				CLANG_WARN_INFINITE_RECURSION = YES;
				CLANG_WARN_INT_CONVERSION = YES;
				CLANG_WARN_NON_LITERAL_NULL_CONVERSION = YES;
				CLANG_WARN_OBJC_IMPLICIT_RETAIN_SELF = YES;
				CLANG_WARN_OBJC_LITERAL_CONVERSION = YES;
				CLANG_WARN_OBJC_ROOT_CLASS = YES_ERROR;
				CLANG_WARN_QUOTED_INCLUDE_IN_FRAMEWORK_HEADER = YES;
				CLANG_WARN_RANGE_LOOP_ANALYSIS = YES;
				CLANG_WARN_STRICT_PROTOTYPES = YES;
				CLANG_WARN_SUSPICIOUS_MOVE = YES;
				CLANG_WARN_UNGUARDED_AVAILABILITY = YES_AGGRESSIVE;
				CLANG_WARN_UNREACHABLE_CODE = YES;
				CLANG_WARN__DUPLICATE_METHOD_MATCH = YES;
				COPY_PHASE_STRIP = NO;
				DEBUG_INFORMATION_FORMAT = "dwarf-with-dsym";
				ENABLE_NS_ASSERTIONS = NO;
				ENABLE_STRICT_OBJC_MSGSEND = YES;
				GCC_C_LANGUAGE_STANDARD = gnu11;
				GCC_NO_COMMON_BLOCKS = YES;
				GCC_WARN_64_TO_32_BIT_CONVERSION = YES;
				GCC_WARN_ABOUT_RETURN_TYPE = YES_ERROR;
				GCC_WARN_UNDECLARED_SELECTOR = YES;
				GCC_WARN_UNINITIALIZED_AUTOS = YES_AGGRESSIVE;
				GCC_WARN_UNUSED_FUNCTION = YES;
				GCC_WARN_UNUSED_VARIABLE = YES;
				MACOSX_DEPLOYMENT_TARGET = 11.1;
				MTL_ENABLE_DEBUG_INFO = NO;
				MTL_FAST_MATH = YES;
				SDKROOT = macosx;
			};
			name = Release;
		};
		B0E5EB9425DE72C500BA8BB4 /* Debug */ = {
			isa = XCBuildConfiguration;
			buildSettings = {
				CODE_SIGN_STYLE = Automatic;
				HEADER_SEARCH_PATHS = (
					/opt/homebrew/Cellar/glfw/3.3.2/include,
					/opt/homebrew/Cellar/glew/2.2.0_1/include,
					/opt/homebrew/Cellar/glm/0.9.9.8/include,
				);
				LIBRARY_SEARCH_PATHS = (
					"$(inherited)",
					/opt/homebrew/Cellar/glew/2.2.0_1/lib,
					/opt/homebrew/Cellar/glfw/3.3.2/lib,
				);
				PRODUCT_NAME = "$(TARGET_NAME)";
			};
			name = Debug;
		};
		B0E5EB9525DE72C500BA8BB4 /* Release */ = {
			isa = XCBuildConfiguration;
			buildSettings = {
				CODE_SIGN_STYLE = Automatic;
				HEADER_SEARCH_PATHS = (
					/opt/homebrew/Cellar/glfw/3.3.2/include,
					/opt/homebrew/Cellar/glew/2.2.0_1/include,
					/opt/homebrew/Cellar/glm/0.9.9.8/include,
				);
				LIBRARY_SEARCH_PATHS = (
					"$(inherited)",
					/opt/homebrew/Cellar/glew/2.2.0_1/lib,
					/opt/homebrew/Cellar/glfw/3.3.2/lib,
				);
				PRODUCT_NAME = "$(TARGET_NAME)";
			};
			name = Release;
		};
/* End XCBuildConfiguration section */

/* Begin XCConfigurationList section */
		B0E5EB8725DE72C500BA8BB4 /* Build configuration list for PBXProject "ComputerGraphic" */ = {
			isa = XCConfigurationList;
			buildConfigurations = (
				B0E5EB9125DE72C500BA8BB4 /* Debug */,
				B0E5EB9225DE72C500BA8BB4 /* Release */,
			);
			defaultConfigurationIsVisible = 0;
			defaultConfigurationName = Release;
		};
		B0E5EB9325DE72C500BA8BB4 /* Build configuration list for PBXNativeTarget "ComputerGraphic" */ = {
			isa = XCConfigurationList;
			buildConfigurations = (
				B0E5EB9425DE72C500BA8BB4 /* Debug */,
				B0E5EB9525DE72C500BA8BB4 /* Release */,
			);
			defaultConfigurationIsVisible = 0;
			defaultConfigurationName = Release;
		};
/* End XCConfigurationList section */
	};
	rootObject = B0E5EB8425DE72C500BA8BB4 /* Project object */;
}
